
Microsoft Visual Studio Solution File, Format Version 12.00
# Visual Studio 15
VisualStudioVersion = 15.0.27428.2027
MinimumVisualStudioVersion = 10.0.40219.1
Project("{FAE04EC0-301F-11D3-BF4B-00C04F79EFBC}") = "CapstonePigLatin", "CapstonePigLatin\CapstonePigLatin.csproj", "{A3FA5C70-15C1-4DE9-8668-971DF2CE5D30}"
EndProject
Project("{2150E333-8FDC-42A3-9474-1A3956D46DE8}") = "Solution Items", "Solution Items", "{8FA10117-566C-47B7-AC15-B2945467786C}"
	ProjectSection(SolutionItems) = preProject
		TextFile1.txt = TextFile1.txt
	EndProjectSection
EndProject
Global
	GlobalSection(SolutionConfigurationPlatforms) = preSolution
		Debug|Any CPU = Debug|Any CPU
		Release|Any CPU = Release|Any CPU
	EndGlobalSection
	GlobalSection(ProjectConfigurationPlatforms) = postSolution
		{A3FA5C70-15C1-4DE9-8668-971DF2CE5D30}.Debug|Any CPU.ActiveCfg = Debug|Any CPU
		{A3FA5C70-15C1-4DE9-8668-971DF2CE5D30}.Debug|Any CPU.Build.0 = Debug|Any CPU
		{A3FA5C70-15C1-4DE9-8668-971DF2CE5D30}.Release|Any CPU.ActiveCfg = Release|Any CPU
		{A3FA5C70-15C1-4DE9-8668-971DF2CE5D30}.Release|Any CPU.Build.0 = Release|Any CPU
	EndGlobalSection
	GlobalSection(SolutionProperties) = preSolution
		HideSolutionNode = FALSE
	EndGlobalSection
	GlobalSection(ExtensibilityGlobals) = postSolution
		SolutionGuid = {40463C0D-0776-4641-B44E-08C685ADD8CF}
	EndGlobalSection
EndGlobal
